
Microsoft Visual Studio Solution File, Format Version 12.00
# Visual Studio Version 17
VisualStudioVersion = 17.8.34330.188
MinimumVisualStudioVersion = 10.0.40219.1
Project("{FAE04EC0-301F-11D3-BF4B-00C04F79EFBC}") = "homework1", "homework1\homework1.csproj", "{F174CCA7-10B1-489B-845C-2C30300E562F}"
EndProject
Global
	GlobalSection(SolutionConfigurationPlatforms) = preSolution
		Debug|Any CPU = Debug|Any CPU
		Release|Any CPU = Release|Any CPU
	EndGlobalSection
	GlobalSection(ProjectConfigurationPlatforms) = postSolution
		{F174CCA7-10B1-489B-845C-2C30300E562F}.Debug|Any CPU.ActiveCfg = Debug|Any CPU
		{F174CCA7-10B1-489B-845C-2C30300E562F}.Debug|Any CPU.Build.0 = Debug|Any CPU
		{F174CCA7-10B1-489B-845C-2C30300E562F}.Release|Any CPU.ActiveCfg = Release|Any CPU
		{F174CCA7-10B1-489B-845C-2C30300E562F}.Release|Any CPU.Build.0 = Release|Any CPU
	EndGlobalSection
	GlobalSection(SolutionProperties) = preSolution
		HideSolutionNode = FALSE
	EndGlobalSection
	GlobalSection(ExtensibilityGlobals) = postSolution
		SolutionGuid = {E241A646-4D0B-4BD6-A7FD-A1133E8AD099}
	EndGlobalSection
EndGlobal
