
Microsoft Visual Studio Solution File, Format Version 12.00
# Visual Studio Version 17
VisualStudioVersion = 17.8.34330.188
MinimumVisualStudioVersion = 10.0.40219.1
Project("{FAE04EC0-301F-11D3-BF4B-00C04F79EFBC}") = "OrderManger", "OrderManger\OrderManger.csproj", "{B9FDB680-90E5-4C9A-9B17-D6E0B821F5CF}"
EndProject
Global
	GlobalSection(SolutionConfigurationPlatforms) = preSolution
		Debug|Any CPU = Debug|Any CPU
		Release|Any CPU = Release|Any CPU
	EndGlobalSection
	GlobalSection(ProjectConfigurationPlatforms) = postSolution
		{B9FDB680-90E5-4C9A-9B17-D6E0B821F5CF}.Debug|Any CPU.ActiveCfg = Debug|Any CPU
		{B9FDB680-90E5-4C9A-9B17-D6E0B821F5CF}.Debug|Any CPU.Build.0 = Debug|Any CPU
		{B9FDB680-90E5-4C9A-9B17-D6E0B821F5CF}.Release|Any CPU.ActiveCfg = Release|Any CPU
		{B9FDB680-90E5-4C9A-9B17-D6E0B821F5CF}.Release|Any CPU.Build.0 = Release|Any CPU
	EndGlobalSection
	GlobalSection(SolutionProperties) = preSolution
		HideSolutionNode = FALSE
	EndGlobalSection
	GlobalSection(ExtensibilityGlobals) = postSolution
		SolutionGuid = {FDBEAF20-2BDC-49B6-929F-DB7E2F984659}
	EndGlobalSection
EndGlobal
