
Microsoft Visual Studio Solution File, Format Version 12.00
# Visual Studio Version 17
VisualStudioVersion = 17.8.34330.188
MinimumVisualStudioVersion = 10.0.40219.1
Project("{FAE04EC0-301F-11D3-BF4B-00C04F79EFBC}") = "OrderApi", "OrderApi\OrderApi.csproj", "{B4FC627A-DC95-4B1F-81B0-2A5CE82785C6}"
EndProject
Global
	GlobalSection(SolutionConfigurationPlatforms) = preSolution
		Debug|Any CPU = Debug|Any CPU
		Release|Any CPU = Release|Any CPU
	EndGlobalSection
	GlobalSection(ProjectConfigurationPlatforms) = postSolution
		{B4FC627A-DC95-4B1F-81B0-2A5CE82785C6}.Debug|Any CPU.ActiveCfg = Debug|Any CPU
		{B4FC627A-DC95-4B1F-81B0-2A5CE82785C6}.Debug|Any CPU.Build.0 = Debug|Any CPU
		{B4FC627A-DC95-4B1F-81B0-2A5CE82785C6}.Release|Any CPU.ActiveCfg = Release|Any CPU
		{B4FC627A-DC95-4B1F-81B0-2A5CE82785C6}.Release|Any CPU.Build.0 = Release|Any CPU
	EndGlobalSection
	GlobalSection(SolutionProperties) = preSolution
		HideSolutionNode = FALSE
	EndGlobalSection
	GlobalSection(ExtensibilityGlobals) = postSolution
		SolutionGuid = {C055EB02-247A-4BB7-8756-F2054D9189BC}
	EndGlobalSection
EndGlobal
