
Microsoft Visual Studio Solution File, Format Version 12.00
# Visual Studio Version 17
VisualStudioVersion = 17.8.34330.188
MinimumVisualStudioVersion = 10.0.40219.1
Project("{FAE04EC0-301F-11D3-BF4B-00C04F79EFBC}") = "homework1", "homework1\homework1.csproj", "{F846F807-B0D5-4E55-B222-66FD5B627BF9}"
EndProject
Global
	GlobalSection(SolutionConfigurationPlatforms) = preSolution
		Debug|Any CPU = Debug|Any CPU
		Release|Any CPU = Release|Any CPU
	EndGlobalSection
	GlobalSection(ProjectConfigurationPlatforms) = postSolution
		{F846F807-B0D5-4E55-B222-66FD5B627BF9}.Debug|Any CPU.ActiveCfg = Debug|Any CPU
		{F846F807-B0D5-4E55-B222-66FD5B627BF9}.Debug|Any CPU.Build.0 = Debug|Any CPU
		{F846F807-B0D5-4E55-B222-66FD5B627BF9}.Release|Any CPU.ActiveCfg = Release|Any CPU
		{F846F807-B0D5-4E55-B222-66FD5B627BF9}.Release|Any CPU.Build.0 = Release|Any CPU
	EndGlobalSection
	GlobalSection(SolutionProperties) = preSolution
		HideSolutionNode = FALSE
	EndGlobalSection
	GlobalSection(ExtensibilityGlobals) = postSolution
		SolutionGuid = {C1DD2362-8AE4-4F09-BFFE-1172F958365A}
	EndGlobalSection
EndGlobal
