
Microsoft Visual Studio Solution File, Format Version 12.00
# Visual Studio Version 17
VisualStudioVersion = 17.8.34330.188
MinimumVisualStudioVersion = 10.0.40219.1
Project("{FAE04EC0-301F-11D3-BF4B-00C04F79EFBC}") = "WinForm", "WinForm\WinForm.csproj", "{9FA023D7-85CF-4BD4-A324-97B7AB0FE5C2}"
	ProjectSection(ProjectDependencies) = postProject
		{DEC5CF58-0202-4332-AAC6-59AFF86E3FA9} = {DEC5CF58-0202-4332-AAC6-59AFF86E3FA9}
	EndProjectSection
EndProject
Project("{FAE04EC0-301F-11D3-BF4B-00C04F79EFBC}") = "OrderLib", "OrderLib\OrderLib.csproj", "{DEC5CF58-0202-4332-AAC6-59AFF86E3FA9}"
EndProject
Global
	GlobalSection(SolutionConfigurationPlatforms) = preSolution
		Debug|Any CPU = Debug|Any CPU
		Release|Any CPU = Release|Any CPU
	EndGlobalSection
	GlobalSection(ProjectConfigurationPlatforms) = postSolution
		{9FA023D7-85CF-4BD4-A324-97B7AB0FE5C2}.Debug|Any CPU.ActiveCfg = Debug|Any CPU
		{9FA023D7-85CF-4BD4-A324-97B7AB0FE5C2}.Debug|Any CPU.Build.0 = Debug|Any CPU
		{9FA023D7-85CF-4BD4-A324-97B7AB0FE5C2}.Release|Any CPU.ActiveCfg = Release|Any CPU
		{9FA023D7-85CF-4BD4-A324-97B7AB0FE5C2}.Release|Any CPU.Build.0 = Release|Any CPU
		{DEC5CF58-0202-4332-AAC6-59AFF86E3FA9}.Debug|Any CPU.ActiveCfg = Debug|Any CPU
		{DEC5CF58-0202-4332-AAC6-59AFF86E3FA9}.Debug|Any CPU.Build.0 = Debug|Any CPU
		{DEC5CF58-0202-4332-AAC6-59AFF86E3FA9}.Release|Any CPU.ActiveCfg = Release|Any CPU
		{DEC5CF58-0202-4332-AAC6-59AFF86E3FA9}.Release|Any CPU.Build.0 = Release|Any CPU
	EndGlobalSection
	GlobalSection(SolutionProperties) = preSolution
		HideSolutionNode = FALSE
	EndGlobalSection
	GlobalSection(ExtensibilityGlobals) = postSolution
		SolutionGuid = {FDBEAF20-2BDC-49B6-929F-DB7E2F984659}
	EndGlobalSection
EndGlobal
